
Microsoft Visual Studio Solution File, Format Version 12.00
Project("{FAE04EC0-301F-11D3-BF4B-00C04F79EFBC}") = "TelephoneDirectory", "TelephoneDirectory\TelephoneDirectory.csproj", "{95021509-DD34-4F52-A1F2-C5B3E0F9A05C}"
EndProject
Global
	GlobalSection(SolutionConfigurationPlatforms) = preSolution
		Debug|Any CPU = Debug|Any CPU
		Release|Any CPU = Release|Any CPU
	EndGlobalSection
	GlobalSection(ProjectConfigurationPlatforms) = postSolution
		{95021509-DD34-4F52-A1F2-C5B3E0F9A05C}.Debug|Any CPU.ActiveCfg = Debug|Any CPU
		{95021509-DD34-4F52-A1F2-C5B3E0F9A05C}.Debug|Any CPU.Build.0 = Debug|Any CPU
		{95021509-DD34-4F52-A1F2-C5B3E0F9A05C}.Release|Any CPU.ActiveCfg = Release|Any CPU
		{95021509-DD34-4F52-A1F2-C5B3E0F9A05C}.Release|Any CPU.Build.0 = Release|Any CPU
	EndGlobalSection
EndGlobal
